{
  "requires": true,
  "lockfileVersion": 1,
  "dependencies": {
    "compiler": {
      "version": "0.1.2",
      "resolved": "https://registry.npmjs.org/compiler/-/compiler-0.1.2.tgz",
      "integrity": "sha1-ZrMngilLpXX6DYEeiFkNv5XQJkY=",
      "dev": true,
      "requires": {
        "node-file": "*"
      }
    },
    "node-file": {
      "version": "0.1.1",
      "resolved": "https://registry.npmjs.org/node-file/-/node-file-0.1.1.tgz",
      "integrity": "sha1-UILHiu9APLLCDg9zwwJDQnbDcjw=",
      "dev": true
    },
    "typescript": {
      "version": "3.5.3",
      "resolved": "https://registry.npmjs.org/typescript/-/typescript-3.5.3.tgz",
      "integrity": "sha512-ACzBtm/PhXBDId6a6sDJfroT2pOWt/oOnk4/dElG5G33ZL776N3Y6/6bKZJBFpd+b05F3Ct9qDjMeJmRWtE2/g==",
      "dev": true
    }
  }
}
